
Microsoft Visual Studio Solution File, Format Version 12.00
# Visual Studio Version 16
VisualStudioVersion = 16.0.32602.291
MinimumVisualStudioVersion = 10.0.40219.1
Project("{FAE04EC0-301F-11D3-BF4B-00C04F79EFBC}") = "SpasticityClient", "SpasticityClient.csproj", "{FF0FAFA3-9731-4B27-9C9E-FC8D6B571B12}"
EndProject
Global
	GlobalSection(SolutionConfigurationPlatforms) = preSolution
		Debug|Any CPU = Debug|Any CPU
		Debug|x64 = Debug|x64
		Debug|x86 = Debug|x86
		Release|Any CPU = Release|Any CPU
		Release|x64 = Release|x64
		Release|x86 = Release|x86
	EndGlobalSection
	GlobalSection(ProjectConfigurationPlatforms) = postSolution
		{FF0FAFA3-9731-4B27-9C9E-FC8D6B571B12}.Debug|Any CPU.ActiveCfg = Debug|Any CPU
		{FF0FAFA3-9731-4B27-9C9E-FC8D6B571B12}.Debug|Any CPU.Build.0 = Debug|Any CPU
		{FF0FAFA3-9731-4B27-9C9E-FC8D6B571B12}.Debug|x64.ActiveCfg = Debug|x64
		{FF0FAFA3-9731-4B27-9C9E-FC8D6B571B12}.Debug|x64.Build.0 = Debug|x64
		{FF0FAFA3-9731-4B27-9C9E-FC8D6B571B12}.Debug|x86.ActiveCfg = Debug|x86
		{FF0FAFA3-9731-4B27-9C9E-FC8D6B571B12}.Debug|x86.Build.0 = Debug|x86
		{FF0FAFA3-9731-4B27-9C9E-FC8D6B571B12}.Release|Any CPU.ActiveCfg = Release|Any CPU
		{FF0FAFA3-9731-4B27-9C9E-FC8D6B571B12}.Release|Any CPU.Build.0 = Release|Any CPU
		{FF0FAFA3-9731-4B27-9C9E-FC8D6B571B12}.Release|x64.ActiveCfg = Release|x64
		{FF0FAFA3-9731-4B27-9C9E-FC8D6B571B12}.Release|x64.Build.0 = Release|x64
		{FF0FAFA3-9731-4B27-9C9E-FC8D6B571B12}.Release|x86.ActiveCfg = Release|x86
		{FF0FAFA3-9731-4B27-9C9E-FC8D6B571B12}.Release|x86.Build.0 = Release|x86
	EndGlobalSection
	GlobalSection(SolutionProperties) = preSolution
		HideSolutionNode = FALSE
	EndGlobalSection
	GlobalSection(ExtensibilityGlobals) = postSolution
		SolutionGuid = {74F0DB5A-F0A7-4F7B-851A-19EC56066E19}
	EndGlobalSection
EndGlobal
